// !$*UTF8*$!
{
	archiveVersion = 1;
	classes = {
	};
	objectVersion = 46;
	objects = {

/* Begin PBXFileReference section */
		F8C77F5B1C08496F00396D57 /* tfs_create.c */ = {isa = PBXFileReference; lastKnownFileType = sourcecode.c.c; path = tfs_create.c; sourceTree = "<group>"; };
		F8C77F5C1C08496F00396D57 /* README.md */ = {isa = PBXFileReference; lastKnownFileType = net.daringfireball.markdown; path = README.md; sourceTree = "<group>"; };
		F8C77F5D1C08496F00396D57 /* main.h */ = {isa = PBXFileReference; lastKnownFileType = sourcecode.c.h; path = main.h; sourceTree = "<group>"; };
		F8C77F5E1C08496F00396D57 /* ll.h */ = {isa = PBXFileReference; lastKnownFileType = sourcecode.c.h; path = ll.h; sourceTree = "<group>"; };
		F8C77F5F1C0859D900396D57 /* start_disk.c */ = {isa = PBXFileReference; lastKnownFileType = sourcecode.c.c; path = start_disk.c; sourceTree = "<group>"; };
		F8C77F601C085DF700396D57 /* read_block.c */ = {isa = PBXFileReference; lastKnownFileType = sourcecode.c.c; path = read_block.c; sourceTree = "<group>"; };
		F8C77F611C086C4800396D57 /* test.txt */ = {isa = PBXFileReference; lastKnownFileType = text; path = test.txt; sourceTree = "<group>"; };
		F8C77F621C08708900396D57 /* write_block.c */ = {isa = PBXFileReference; lastKnownFileType = sourcecode.c.c; path = write_block.c; sourceTree = "<group>"; };
		F8C77F631C08720100396D57 /* util.c */ = {isa = PBXFileReference; lastKnownFileType = sourcecode.c.c; path = util.c; sourceTree = "<group>"; };
/* End PBXFileReference section */

/* Begin PBXGroup section */
		F8C77F541C08490A00396D57 = {
			isa = PBXGroup;
			children = (
				F8C77F5B1C08496F00396D57 /* tfs_create.c */,
				F8C77F631C08720100396D57 /* util.c */,
				F8C77F5C1C08496F00396D57 /* README.md */,
				F8C77F5D1C08496F00396D57 /* main.h */,
				F8C77F5E1C08496F00396D57 /* ll.h */,
				F8C77F5F1C0859D900396D57 /* start_disk.c */,
				F8C77F601C085DF700396D57 /* read_block.c */,
				F8C77F621C08708900396D57 /* write_block.c */,
				F8C77F611C086C4800396D57 /* test.txt */,
			);
			sourceTree = "<group>";
		};
/* End PBXGroup section */

/* Begin PBXProject section */
		F8C77F551C08490A00396D57 /* Project object */ = {
			isa = PBXProject;
			attributes = {
				LastUpgradeCheck = 0710;
			};
			buildConfigurationList = F8C77F581C08490A00396D57 /* Build configuration list for PBXProject "shodan" */;
			compatibilityVersion = "Xcode 3.2";
			developmentRegion = English;
			hasScannedForEncodings = 0;
			knownRegions = (
				en,
			);
			mainGroup = F8C77F541C08490A00396D57;
			projectDirPath = "";
			projectRoot = "";
			targets = (
			);
		};
/* End PBXProject section */

/* Begin XCBuildConfiguration section */
		F8C77F591C08490A00396D57 /* Debug */ = {
			isa = XCBuildConfiguration;
			buildSettings = {
			};
			name = Debug;
		};
		F8C77F5A1C08490A00396D57 /* Release */ = {
			isa = XCBuildConfiguration;
			buildSettings = {
			};
			name = Release;
		};
/* End XCBuildConfiguration section */

/* Begin XCConfigurationList section */
		F8C77F581C08490A00396D57 /* Build configuration list for PBXProject "shodan" */ = {
			isa = XCConfigurationList;
			buildConfigurations = (
				F8C77F591C08490A00396D57 /* Debug */,
				F8C77F5A1C08490A00396D57 /* Release */,
			);
			defaultConfigurationIsVisible = 0;
			defaultConfigurationName = Release;
		};
/* End XCConfigurationList section */
	};
	rootObject = F8C77F551C08490A00396D57 /* Project object */;
}
