// !$*UTF8*$!
{
	archiveVersion = 1;
	classes = {
	};
	objectVersion = 46;
	objects = {

/* Begin PBXFileReference section */
		F85D0E291C0A168800B8909E /* main.h */ = {isa = PBXFileReference; lastKnownFileType = sourcecode.c.h; path = main.h; sourceTree = "<group>"; };
		F85D0E2A1C0A169D00B8909E /* ll.h */ = {isa = PBXFileReference; lastKnownFileType = sourcecode.c.h; path = ll.h; sourceTree = "<group>"; };
		F8A297921C42C9EC00356D68 /* tfs_readdir.c */ = {isa = PBXFileReference; lastKnownFileType = sourcecode.c.c; path = tfs_readdir.c; sourceTree = "<group>"; };
		F8A297931C42C9F100356D68 /* tfs_opendir.c */ = {isa = PBXFileReference; lastKnownFileType = sourcecode.c.c; path = tfs_opendir.c; sourceTree = "<group>"; };
		F8A297941C42C9F400356D68 /* tfs_open.c */ = {isa = PBXFileReference; lastKnownFileType = sourcecode.c.c; path = tfs_open.c; sourceTree = "<group>"; };
		F8A297951C42C9F800356D68 /* tfs_mkdir.c */ = {isa = PBXFileReference; lastKnownFileType = sourcecode.c.c; path = tfs_mkdir.c; sourceTree = "<group>"; };
		F8A297961C42C9FB00356D68 /* tfs_manipulation.c */ = {isa = PBXFileReference; lastKnownFileType = sourcecode.c.c; path = tfs_manipulation.c; sourceTree = "<group>"; };
		F8A297971C42C9FF00356D68 /* tfs_format.c */ = {isa = PBXFileReference; lastKnownFileType = sourcecode.c.c; path = tfs_format.c; sourceTree = "<group>"; };
		F8A297981C42CA0200356D68 /* tfs_close.c */ = {isa = PBXFileReference; lastKnownFileType = sourcecode.c.c; path = tfs_close.c; sourceTree = "<group>"; };
		F8A297991C42CA0600356D68 /* tfs_analyse.c */ = {isa = PBXFileReference; lastKnownFileType = sourcecode.c.c; path = tfs_analyse.c; sourceTree = "<group>"; };
		F8A2979A1C42CD4600356D68 /* stop_disk.c */ = {isa = PBXFileReference; lastKnownFileType = sourcecode.c.c; path = stop_disk.c; sourceTree = "<group>"; };
		F8A2979B1C42CEC800356D68 /* tfs_write.c */ = {isa = PBXFileReference; lastKnownFileType = sourcecode.c.c; path = tfs_write.c; sourceTree = "<group>"; };
		F8A2979C1C42E5C900356D68 /* ll_volume.h */ = {isa = PBXFileReference; lastKnownFileType = sourcecode.c.h; path = ll_volume.h; sourceTree = "<group>"; };
		F8A2979D1C42E5CF00356D68 /* rewinddir.c */ = {isa = PBXFileReference; lastKnownFileType = sourcecode.c.c; path = rewinddir.c; sourceTree = "<group>"; };
		F8A2979E1C42E5D500356D68 /* closedir.c */ = {isa = PBXFileReference; lastKnownFileType = sourcecode.c.c; path = closedir.c; sourceTree = "<group>"; };
		F8C77F5B1C08496F00396D57 /* tfs_create.c */ = {isa = PBXFileReference; lastKnownFileType = sourcecode.c.c; path = tfs_create.c; sourceTree = "<group>"; };
		F8C77F5C1C08496F00396D57 /* README.md */ = {isa = PBXFileReference; lastKnownFileType = net.daringfireball.markdown; path = README.md; sourceTree = "<group>"; };
		F8C77F5F1C0859D900396D57 /* start_disk.c */ = {isa = PBXFileReference; lastKnownFileType = sourcecode.c.c; path = start_disk.c; sourceTree = "<group>"; };
		F8C77F601C085DF700396D57 /* read_block.c */ = {isa = PBXFileReference; lastKnownFileType = sourcecode.c.c; path = read_block.c; sourceTree = "<group>"; };
		F8C77F621C08708900396D57 /* write_block.c */ = {isa = PBXFileReference; lastKnownFileType = sourcecode.c.c; path = write_block.c; sourceTree = "<group>"; };
		F8C77F631C08720100396D57 /* util.c */ = {isa = PBXFileReference; lastKnownFileType = sourcecode.c.c; path = util.c; sourceTree = "<group>"; };
		F8F0863C1C29917C00F2FB86 /* tfs_partition.c */ = {isa = PBXFileReference; lastKnownFileType = sourcecode.c.c; path = tfs_partition.c; sourceTree = "<group>"; };
		F8F0863D1C2991AB00F2FB86 /* sync_disk.c */ = {isa = PBXFileReference; lastKnownFileType = sourcecode.c.c; path = sync_disk.c; sourceTree = "<group>"; };
		F8F0863E1C29933B00F2FB86 /* Makefile */ = {isa = PBXFileReference; lastKnownFileType = sourcecode.make; path = Makefile; sourceTree = "<group>"; };
/* End PBXFileReference section */

/* Begin PBXGroup section */
		F8C77F541C08490A00396D57 = {
			isa = PBXGroup;
			children = (
				F85D0E2A1C0A169D00B8909E /* ll.h */,
				F85D0E291C0A168800B8909E /* main.h */,
				F8A2979A1C42CD4600356D68 /* stop_disk.c */,
				F8A2979B1C42CEC800356D68 /* tfs_write.c */,
				F8C77F631C08720100396D57 /* util.c */,
				F8C77F5F1C0859D900396D57 /* start_disk.c */,
				F8A297991C42CA0600356D68 /* tfs_analyse.c */,
				F8A297981C42CA0200356D68 /* tfs_close.c */,
				F8A297971C42C9FF00356D68 /* tfs_format.c */,
				F8A297961C42C9FB00356D68 /* tfs_manipulation.c */,
				F8A2979E1C42E5D500356D68 /* closedir.c */,
				F8A2979D1C42E5CF00356D68 /* rewinddir.c */,
				F8A2979C1C42E5C900356D68 /* ll_volume.h */,
				F8A297951C42C9F800356D68 /* tfs_mkdir.c */,
				F8A297941C42C9F400356D68 /* tfs_open.c */,
				F8A297931C42C9F100356D68 /* tfs_opendir.c */,
				F8A297921C42C9EC00356D68 /* tfs_readdir.c */,
				F8C77F601C085DF700396D57 /* read_block.c */,
				F8C77F621C08708900396D57 /* write_block.c */,
				F8F0863C1C29917C00F2FB86 /* tfs_partition.c */,
				F8C77F5B1C08496F00396D57 /* tfs_create.c */,
				F8F0863D1C2991AB00F2FB86 /* sync_disk.c */,
				F8C77F5C1C08496F00396D57 /* README.md */,
				F8F0863E1C29933B00F2FB86 /* Makefile */,
			);
			sourceTree = "<group>";
		};
/* End PBXGroup section */

/* Begin PBXProject section */
		F8C77F551C08490A00396D57 /* Project object */ = {
			isa = PBXProject;
			attributes = {
				LastUpgradeCheck = 0710;
			};
			buildConfigurationList = F8C77F581C08490A00396D57 /* Build configuration list for PBXProject "shodan" */;
			compatibilityVersion = "Xcode 3.2";
			developmentRegion = English;
			hasScannedForEncodings = 0;
			knownRegions = (
				en,
			);
			mainGroup = F8C77F541C08490A00396D57;
			projectDirPath = "";
			projectRoot = "";
			targets = (
			);
		};
/* End PBXProject section */

/* Begin XCBuildConfiguration section */
		F8C77F591C08490A00396D57 /* Debug */ = {
			isa = XCBuildConfiguration;
			buildSettings = {
			};
			name = Debug;
		};
		F8C77F5A1C08490A00396D57 /* Release */ = {
			isa = XCBuildConfiguration;
			buildSettings = {
			};
			name = Release;
		};
/* End XCBuildConfiguration section */

/* Begin XCConfigurationList section */
		F8C77F581C08490A00396D57 /* Build configuration list for PBXProject "shodan" */ = {
			isa = XCConfigurationList;
			buildConfigurations = (
				F8C77F591C08490A00396D57 /* Debug */,
				F8C77F5A1C08490A00396D57 /* Release */,
			);
			defaultConfigurationIsVisible = 0;
			defaultConfigurationName = Release;
		};
/* End XCConfigurationList section */
	};
	rootObject = F8C77F551C08490A00396D57 /* Project object */;
}
